
Microsoft Visual Studio Solution File, Format Version 12.00
# Visual Studio Version 16
VisualStudioVersion = 16.0.29709.97
MinimumVisualStudioVersion = 10.0.40219.1
Project("{FAE04EC0-301F-11D3-BF4B-00C04F79EFBC}") = "TestHarness", "TestHarness\TestHarness.csproj", "{B9B2CBAE-3D3D-4AE9-82E6-26385134B3E3}"
EndProject
Project("{FAE04EC0-301F-11D3-BF4B-00C04F79EFBC}") = "DomainModel", "DomainModel\DomainModel.csproj", "{8C02592A-47B9-4F3F-8C26-FB423B04A7AF}"
EndProject
Project("{FAE04EC0-301F-11D3-BF4B-00C04F79EFBC}") = "Utilities", "Utilities\Utilities.csproj", "{998B3B83-7881-48C0-9217-8BA9B711CD50}"
EndProject
Project("{FAE04EC0-301F-11D3-BF4B-00C04F79EFBC}") = "PACInterfaces", "PACInterfaces\PACInterfaces.csproj", "{5C29548A-A128-4F97-B078-D79559CF3C90}"
EndProject
Project("{FAE04EC0-301F-11D3-BF4B-00C04F79EFBC}") = "UnitTesting", "UnitTester\UnitTesting.csproj", "{446AC080-ABAF-43DE-B83A-778757D1FC09}"
EndProject
Project("{FAE04EC0-301F-11D3-BF4B-00C04F79EFBC}") = "PACSizingEngine", "PACSizingEngine\PACSizingEngine.csproj", "{9AC51493-29C7-4529-92BA-E7B147DCC0FD}"
EndProject
Project("{9A19103F-16F7-4668-BE54-9A1E7A4F7556}") = "PACWebAPI", "PACWebAPI\PACWebAPI.csproj", "{09CB8A47-006C-4374-A248-9D28C9819343}"
EndProject
Project("{FAE04EC0-301F-11D3-BF4B-00C04F79EFBC}") = "Repository", "Repository\Repository.csproj", "{9ABB9997-1A91-4601-8C11-0F45404D1443}"
EndProject
Project("{FAE04EC0-301F-11D3-BF4B-00C04F79EFBC}") = "DataAccess", "DataAccess\DataAccess.csproj", "{19A30AEA-67FB-4DF1-B61A-158889CD49B7}"
EndProject
Global
	GlobalSection(SolutionConfigurationPlatforms) = preSolution
		All|Any CPU = All|Any CPU
		All|ARM = All|ARM
		All|ARM64 = All|ARM64
		All|x64 = All|x64
		All|x86 = All|x86
		CIBuild|Any CPU = CIBuild|Any CPU
		CIBuild|ARM = CIBuild|ARM
		CIBuild|ARM64 = CIBuild|ARM64
		CIBuild|x64 = CIBuild|x64
		CIBuild|x86 = CIBuild|x86
		Debug|Any CPU = Debug|Any CPU
		Debug|ARM = Debug|ARM
		Debug|ARM64 = Debug|ARM64
		Debug|x64 = Debug|x64
		Debug|x86 = Debug|x86
		Release|Any CPU = Release|Any CPU
		Release|ARM = Release|ARM
		Release|ARM64 = Release|ARM64
		Release|x64 = Release|x64
		Release|x86 = Release|x86
	EndGlobalSection
	GlobalSection(ProjectConfigurationPlatforms) = postSolution
		{B9B2CBAE-3D3D-4AE9-82E6-26385134B3E3}.All|Any CPU.ActiveCfg = Debug|x64
		{B9B2CBAE-3D3D-4AE9-82E6-26385134B3E3}.All|Any CPU.Build.0 = Debug|x64
		{B9B2CBAE-3D3D-4AE9-82E6-26385134B3E3}.All|ARM.ActiveCfg = Debug|x64
		{B9B2CBAE-3D3D-4AE9-82E6-26385134B3E3}.All|ARM.Build.0 = Debug|x64
		{B9B2CBAE-3D3D-4AE9-82E6-26385134B3E3}.All|ARM64.ActiveCfg = Debug|x64
		{B9B2CBAE-3D3D-4AE9-82E6-26385134B3E3}.All|ARM64.Build.0 = Debug|x64
		{B9B2CBAE-3D3D-4AE9-82E6-26385134B3E3}.All|x64.ActiveCfg = Debug|x64
		{B9B2CBAE-3D3D-4AE9-82E6-26385134B3E3}.All|x64.Build.0 = Debug|x64
		{B9B2CBAE-3D3D-4AE9-82E6-26385134B3E3}.All|x86.ActiveCfg = Debug|x86
		{B9B2CBAE-3D3D-4AE9-82E6-26385134B3E3}.All|x86.Build.0 = Debug|x86
		{B9B2CBAE-3D3D-4AE9-82E6-26385134B3E3}.CIBuild|Any CPU.ActiveCfg = Release|x64
		{B9B2CBAE-3D3D-4AE9-82E6-26385134B3E3}.CIBuild|Any CPU.Build.0 = Release|x64
		{B9B2CBAE-3D3D-4AE9-82E6-26385134B3E3}.CIBuild|ARM.ActiveCfg = Release|x64
		{B9B2CBAE-3D3D-4AE9-82E6-26385134B3E3}.CIBuild|ARM.Build.0 = Release|x64
		{B9B2CBAE-3D3D-4AE9-82E6-26385134B3E3}.CIBuild|ARM64.ActiveCfg = Release|x64
		{B9B2CBAE-3D3D-4AE9-82E6-26385134B3E3}.CIBuild|ARM64.Build.0 = Release|x64
		{B9B2CBAE-3D3D-4AE9-82E6-26385134B3E3}.CIBuild|x64.ActiveCfg = Release|x64
		{B9B2CBAE-3D3D-4AE9-82E6-26385134B3E3}.CIBuild|x64.Build.0 = Release|x64
		{B9B2CBAE-3D3D-4AE9-82E6-26385134B3E3}.CIBuild|x86.ActiveCfg = Release|x86
		{B9B2CBAE-3D3D-4AE9-82E6-26385134B3E3}.CIBuild|x86.Build.0 = Release|x86
		{B9B2CBAE-3D3D-4AE9-82E6-26385134B3E3}.Debug|Any CPU.ActiveCfg = Debug|x86
		{B9B2CBAE-3D3D-4AE9-82E6-26385134B3E3}.Debug|Any CPU.Build.0 = Debug|x86
		{B9B2CBAE-3D3D-4AE9-82E6-26385134B3E3}.Debug|ARM.ActiveCfg = Debug|x86
		{B9B2CBAE-3D3D-4AE9-82E6-26385134B3E3}.Debug|ARM64.ActiveCfg = Debug|x86
		{B9B2CBAE-3D3D-4AE9-82E6-26385134B3E3}.Debug|x64.ActiveCfg = Debug|x64
		{B9B2CBAE-3D3D-4AE9-82E6-26385134B3E3}.Debug|x64.Build.0 = Debug|x64
		{B9B2CBAE-3D3D-4AE9-82E6-26385134B3E3}.Debug|x86.ActiveCfg = Debug|x86
		{B9B2CBAE-3D3D-4AE9-82E6-26385134B3E3}.Debug|x86.Build.0 = Debug|x86
		{B9B2CBAE-3D3D-4AE9-82E6-26385134B3E3}.Release|Any CPU.ActiveCfg = Release|x86
		{B9B2CBAE-3D3D-4AE9-82E6-26385134B3E3}.Release|ARM.ActiveCfg = Release|x86
		{B9B2CBAE-3D3D-4AE9-82E6-26385134B3E3}.Release|ARM64.ActiveCfg = Release|x86
		{B9B2CBAE-3D3D-4AE9-82E6-26385134B3E3}.Release|x64.ActiveCfg = Release|x64
		{B9B2CBAE-3D3D-4AE9-82E6-26385134B3E3}.Release|x64.Build.0 = Release|x64
		{B9B2CBAE-3D3D-4AE9-82E6-26385134B3E3}.Release|x86.ActiveCfg = Release|x86
		{B9B2CBAE-3D3D-4AE9-82E6-26385134B3E3}.Release|x86.Build.0 = Release|x86
		{8C02592A-47B9-4F3F-8C26-FB423B04A7AF}.All|Any CPU.ActiveCfg = Debug|Any CPU
		{8C02592A-47B9-4F3F-8C26-FB423B04A7AF}.All|Any CPU.Build.0 = Debug|Any CPU
		{8C02592A-47B9-4F3F-8C26-FB423B04A7AF}.All|ARM.ActiveCfg = Debug|Any CPU
		{8C02592A-47B9-4F3F-8C26-FB423B04A7AF}.All|ARM.Build.0 = Debug|Any CPU
		{8C02592A-47B9-4F3F-8C26-FB423B04A7AF}.All|ARM64.ActiveCfg = Debug|Any CPU
		{8C02592A-47B9-4F3F-8C26-FB423B04A7AF}.All|ARM64.Build.0 = Debug|Any CPU
		{8C02592A-47B9-4F3F-8C26-FB423B04A7AF}.All|x64.ActiveCfg = Debug|Any CPU
		{8C02592A-47B9-4F3F-8C26-FB423B04A7AF}.All|x64.Build.0 = Debug|Any CPU
		{8C02592A-47B9-4F3F-8C26-FB423B04A7AF}.All|x86.ActiveCfg = Debug|Any CPU
		{8C02592A-47B9-4F3F-8C26-FB423B04A7AF}.All|x86.Build.0 = Debug|Any CPU
		{8C02592A-47B9-4F3F-8C26-FB423B04A7AF}.CIBuild|Any CPU.ActiveCfg = Release|Any CPU
		{8C02592A-47B9-4F3F-8C26-FB423B04A7AF}.CIBuild|Any CPU.Build.0 = Release|Any CPU
		{8C02592A-47B9-4F3F-8C26-FB423B04A7AF}.CIBuild|ARM.ActiveCfg = Release|Any CPU
		{8C02592A-47B9-4F3F-8C26-FB423B04A7AF}.CIBuild|ARM.Build.0 = Release|Any CPU
		{8C02592A-47B9-4F3F-8C26-FB423B04A7AF}.CIBuild|ARM64.ActiveCfg = Release|Any CPU
		{8C02592A-47B9-4F3F-8C26-FB423B04A7AF}.CIBuild|ARM64.Build.0 = Release|Any CPU
		{8C02592A-47B9-4F3F-8C26-FB423B04A7AF}.CIBuild|x64.ActiveCfg = Release|Any CPU
		{8C02592A-47B9-4F3F-8C26-FB423B04A7AF}.CIBuild|x64.Build.0 = Release|Any CPU
		{8C02592A-47B9-4F3F-8C26-FB423B04A7AF}.CIBuild|x86.ActiveCfg = Release|Any CPU
		{8C02592A-47B9-4F3F-8C26-FB423B04A7AF}.CIBuild|x86.Build.0 = Release|Any CPU
		{8C02592A-47B9-4F3F-8C26-FB423B04A7AF}.Debug|Any CPU.ActiveCfg = Debug|Any CPU
		{8C02592A-47B9-4F3F-8C26-FB423B04A7AF}.Debug|Any CPU.Build.0 = Debug|Any CPU
		{8C02592A-47B9-4F3F-8C26-FB423B04A7AF}.Debug|ARM.ActiveCfg = Debug|Any CPU
		{8C02592A-47B9-4F3F-8C26-FB423B04A7AF}.Debug|ARM.Build.0 = Debug|Any CPU
		{8C02592A-47B9-4F3F-8C26-FB423B04A7AF}.Debug|ARM64.ActiveCfg = Debug|Any CPU
		{8C02592A-47B9-4F3F-8C26-FB423B04A7AF}.Debug|ARM64.Build.0 = Debug|Any CPU
		{8C02592A-47B9-4F3F-8C26-FB423B04A7AF}.Debug|x64.ActiveCfg = Debug|Any CPU
		{8C02592A-47B9-4F3F-8C26-FB423B04A7AF}.Debug|x64.Build.0 = Debug|Any CPU
		{8C02592A-47B9-4F3F-8C26-FB423B04A7AF}.Debug|x86.ActiveCfg = Debug|Any CPU
		{8C02592A-47B9-4F3F-8C26-FB423B04A7AF}.Debug|x86.Build.0 = Debug|Any CPU
		{8C02592A-47B9-4F3F-8C26-FB423B04A7AF}.Release|Any CPU.ActiveCfg = Release|Any CPU
		{8C02592A-47B9-4F3F-8C26-FB423B04A7AF}.Release|Any CPU.Build.0 = Release|Any CPU
		{8C02592A-47B9-4F3F-8C26-FB423B04A7AF}.Release|ARM.ActiveCfg = Release|Any CPU
		{8C02592A-47B9-4F3F-8C26-FB423B04A7AF}.Release|ARM.Build.0 = Release|Any CPU
		{8C02592A-47B9-4F3F-8C26-FB423B04A7AF}.Release|ARM64.ActiveCfg = Release|Any CPU
		{8C02592A-47B9-4F3F-8C26-FB423B04A7AF}.Release|ARM64.Build.0 = Release|Any CPU
		{8C02592A-47B9-4F3F-8C26-FB423B04A7AF}.Release|x64.ActiveCfg = Release|Any CPU
		{8C02592A-47B9-4F3F-8C26-FB423B04A7AF}.Release|x64.Build.0 = Release|Any CPU
		{8C02592A-47B9-4F3F-8C26-FB423B04A7AF}.Release|x86.ActiveCfg = Release|Any CPU
		{8C02592A-47B9-4F3F-8C26-FB423B04A7AF}.Release|x86.Build.0 = Release|Any CPU
		{998B3B83-7881-48C0-9217-8BA9B711CD50}.All|Any CPU.ActiveCfg = Debug|Any CPU
		{998B3B83-7881-48C0-9217-8BA9B711CD50}.All|Any CPU.Build.0 = Debug|Any CPU
		{998B3B83-7881-48C0-9217-8BA9B711CD50}.All|ARM.ActiveCfg = Debug|Any CPU
		{998B3B83-7881-48C0-9217-8BA9B711CD50}.All|ARM.Build.0 = Debug|Any CPU
		{998B3B83-7881-48C0-9217-8BA9B711CD50}.All|ARM64.ActiveCfg = Debug|Any CPU
		{998B3B83-7881-48C0-9217-8BA9B711CD50}.All|ARM64.Build.0 = Debug|Any CPU
		{998B3B83-7881-48C0-9217-8BA9B711CD50}.All|x64.ActiveCfg = Debug|Any CPU
		{998B3B83-7881-48C0-9217-8BA9B711CD50}.All|x64.Build.0 = Debug|Any CPU
		{998B3B83-7881-48C0-9217-8BA9B711CD50}.All|x86.ActiveCfg = Debug|Any CPU
		{998B3B83-7881-48C0-9217-8BA9B711CD50}.All|x86.Build.0 = Debug|Any CPU
		{998B3B83-7881-48C0-9217-8BA9B711CD50}.CIBuild|Any CPU.ActiveCfg = Release|Any CPU
		{998B3B83-7881-48C0-9217-8BA9B711CD50}.CIBuild|Any CPU.Build.0 = Release|Any CPU
		{998B3B83-7881-48C0-9217-8BA9B711CD50}.CIBuild|ARM.ActiveCfg = Release|Any CPU
		{998B3B83-7881-48C0-9217-8BA9B711CD50}.CIBuild|ARM.Build.0 = Release|Any CPU
		{998B3B83-7881-48C0-9217-8BA9B711CD50}.CIBuild|ARM64.ActiveCfg = Release|Any CPU
		{998B3B83-7881-48C0-9217-8BA9B711CD50}.CIBuild|ARM64.Build.0 = Release|Any CPU
		{998B3B83-7881-48C0-9217-8BA9B711CD50}.CIBuild|x64.ActiveCfg = Release|Any CPU
		{998B3B83-7881-48C0-9217-8BA9B711CD50}.CIBuild|x64.Build.0 = Release|Any CPU
		{998B3B83-7881-48C0-9217-8BA9B711CD50}.CIBuild|x86.ActiveCfg = Release|Any CPU
		{998B3B83-7881-48C0-9217-8BA9B711CD50}.CIBuild|x86.Build.0 = Release|Any CPU
		{998B3B83-7881-48C0-9217-8BA9B711CD50}.Debug|Any CPU.ActiveCfg = Debug|Any CPU
		{998B3B83-7881-48C0-9217-8BA9B711CD50}.Debug|Any CPU.Build.0 = Debug|Any CPU
		{998B3B83-7881-48C0-9217-8BA9B711CD50}.Debug|ARM.ActiveCfg = Debug|Any CPU
		{998B3B83-7881-48C0-9217-8BA9B711CD50}.Debug|ARM.Build.0 = Debug|Any CPU
		{998B3B83-7881-48C0-9217-8BA9B711CD50}.Debug|ARM64.ActiveCfg = Debug|Any CPU
		{998B3B83-7881-48C0-9217-8BA9B711CD50}.Debug|ARM64.Build.0 = Debug|Any CPU
		{998B3B83-7881-48C0-9217-8BA9B711CD50}.Debug|x64.ActiveCfg = Debug|Any CPU
		{998B3B83-7881-48C0-9217-8BA9B711CD50}.Debug|x64.Build.0 = Debug|Any CPU
		{998B3B83-7881-48C0-9217-8BA9B711CD50}.Debug|x86.ActiveCfg = Debug|Any CPU
		{998B3B83-7881-48C0-9217-8BA9B711CD50}.Debug|x86.Build.0 = Debug|Any CPU
		{998B3B83-7881-48C0-9217-8BA9B711CD50}.Release|Any CPU.ActiveCfg = Release|Any CPU
		{998B3B83-7881-48C0-9217-8BA9B711CD50}.Release|Any CPU.Build.0 = Release|Any CPU
		{998B3B83-7881-48C0-9217-8BA9B711CD50}.Release|ARM.ActiveCfg = Release|Any CPU
		{998B3B83-7881-48C0-9217-8BA9B711CD50}.Release|ARM.Build.0 = Release|Any CPU
		{998B3B83-7881-48C0-9217-8BA9B711CD50}.Release|ARM64.ActiveCfg = Release|Any CPU
		{998B3B83-7881-48C0-9217-8BA9B711CD50}.Release|ARM64.Build.0 = Release|Any CPU
		{998B3B83-7881-48C0-9217-8BA9B711CD50}.Release|x64.ActiveCfg = Release|Any CPU
		{998B3B83-7881-48C0-9217-8BA9B711CD50}.Release|x64.Build.0 = Release|Any CPU
		{998B3B83-7881-48C0-9217-8BA9B711CD50}.Release|x86.ActiveCfg = Release|Any CPU
		{998B3B83-7881-48C0-9217-8BA9B711CD50}.Release|x86.Build.0 = Release|Any CPU
		{5C29548A-A128-4F97-B078-D79559CF3C90}.All|Any CPU.ActiveCfg = Debug|Any CPU
		{5C29548A-A128-4F97-B078-D79559CF3C90}.All|Any CPU.Build.0 = Debug|Any CPU
		{5C29548A-A128-4F97-B078-D79559CF3C90}.All|ARM.ActiveCfg = Debug|Any CPU
		{5C29548A-A128-4F97-B078-D79559CF3C90}.All|ARM.Build.0 = Debug|Any CPU
		{5C29548A-A128-4F97-B078-D79559CF3C90}.All|ARM64.ActiveCfg = Debug|Any CPU
		{5C29548A-A128-4F97-B078-D79559CF3C90}.All|ARM64.Build.0 = Debug|Any CPU
		{5C29548A-A128-4F97-B078-D79559CF3C90}.All|x64.ActiveCfg = Debug|Any CPU
		{5C29548A-A128-4F97-B078-D79559CF3C90}.All|x64.Build.0 = Debug|Any CPU
		{5C29548A-A128-4F97-B078-D79559CF3C90}.All|x86.ActiveCfg = Debug|Any CPU
		{5C29548A-A128-4F97-B078-D79559CF3C90}.All|x86.Build.0 = Debug|Any CPU
		{5C29548A-A128-4F97-B078-D79559CF3C90}.CIBuild|Any CPU.ActiveCfg = Release|Any CPU
		{5C29548A-A128-4F97-B078-D79559CF3C90}.CIBuild|Any CPU.Build.0 = Release|Any CPU
		{5C29548A-A128-4F97-B078-D79559CF3C90}.CIBuild|ARM.ActiveCfg = Release|Any CPU
		{5C29548A-A128-4F97-B078-D79559CF3C90}.CIBuild|ARM.Build.0 = Release|Any CPU
		{5C29548A-A128-4F97-B078-D79559CF3C90}.CIBuild|ARM64.ActiveCfg = Release|Any CPU
		{5C29548A-A128-4F97-B078-D79559CF3C90}.CIBuild|ARM64.Build.0 = Release|Any CPU
		{5C29548A-A128-4F97-B078-D79559CF3C90}.CIBuild|x64.ActiveCfg = Release|Any CPU
		{5C29548A-A128-4F97-B078-D79559CF3C90}.CIBuild|x64.Build.0 = Release|Any CPU
		{5C29548A-A128-4F97-B078-D79559CF3C90}.CIBuild|x86.ActiveCfg = Release|Any CPU
		{5C29548A-A128-4F97-B078-D79559CF3C90}.CIBuild|x86.Build.0 = Release|Any CPU
		{5C29548A-A128-4F97-B078-D79559CF3C90}.Debug|Any CPU.ActiveCfg = Debug|Any CPU
		{5C29548A-A128-4F97-B078-D79559CF3C90}.Debug|Any CPU.Build.0 = Debug|Any CPU
		{5C29548A-A128-4F97-B078-D79559CF3C90}.Debug|ARM.ActiveCfg = Debug|Any CPU
		{5C29548A-A128-4F97-B078-D79559CF3C90}.Debug|ARM.Build.0 = Debug|Any CPU
		{5C29548A-A128-4F97-B078-D79559CF3C90}.Debug|ARM64.ActiveCfg = Debug|Any CPU
		{5C29548A-A128-4F97-B078-D79559CF3C90}.Debug|ARM64.Build.0 = Debug|Any CPU
		{5C29548A-A128-4F97-B078-D79559CF3C90}.Debug|x64.ActiveCfg = Debug|Any CPU
		{5C29548A-A128-4F97-B078-D79559CF3C90}.Debug|x64.Build.0 = Debug|Any CPU
		{5C29548A-A128-4F97-B078-D79559CF3C90}.Debug|x86.ActiveCfg = Debug|Any CPU
		{5C29548A-A128-4F97-B078-D79559CF3C90}.Debug|x86.Build.0 = Debug|Any CPU
		{5C29548A-A128-4F97-B078-D79559CF3C90}.Release|Any CPU.ActiveCfg = Release|Any CPU
		{5C29548A-A128-4F97-B078-D79559CF3C90}.Release|Any CPU.Build.0 = Release|Any CPU
		{5C29548A-A128-4F97-B078-D79559CF3C90}.Release|ARM.ActiveCfg = Release|Any CPU
		{5C29548A-A128-4F97-B078-D79559CF3C90}.Release|ARM.Build.0 = Release|Any CPU
		{5C29548A-A128-4F97-B078-D79559CF3C90}.Release|ARM64.ActiveCfg = Release|Any CPU
		{5C29548A-A128-4F97-B078-D79559CF3C90}.Release|ARM64.Build.0 = Release|Any CPU
		{5C29548A-A128-4F97-B078-D79559CF3C90}.Release|x64.ActiveCfg = Release|Any CPU
		{5C29548A-A128-4F97-B078-D79559CF3C90}.Release|x64.Build.0 = Release|Any CPU
		{5C29548A-A128-4F97-B078-D79559CF3C90}.Release|x86.ActiveCfg = Release|Any CPU
		{5C29548A-A128-4F97-B078-D79559CF3C90}.Release|x86.Build.0 = Release|Any CPU
		{446AC080-ABAF-43DE-B83A-778757D1FC09}.All|Any CPU.ActiveCfg = Debug|Any CPU
		{446AC080-ABAF-43DE-B83A-778757D1FC09}.All|Any CPU.Build.0 = Debug|Any CPU
		{446AC080-ABAF-43DE-B83A-778757D1FC09}.All|ARM.ActiveCfg = Debug|Any CPU
		{446AC080-ABAF-43DE-B83A-778757D1FC09}.All|ARM.Build.0 = Debug|Any CPU
		{446AC080-ABAF-43DE-B83A-778757D1FC09}.All|ARM64.ActiveCfg = Debug|Any CPU
		{446AC080-ABAF-43DE-B83A-778757D1FC09}.All|ARM64.Build.0 = Debug|Any CPU
		{446AC080-ABAF-43DE-B83A-778757D1FC09}.All|x64.ActiveCfg = Debug|Any CPU
		{446AC080-ABAF-43DE-B83A-778757D1FC09}.All|x64.Build.0 = Debug|Any CPU
		{446AC080-ABAF-43DE-B83A-778757D1FC09}.All|x86.ActiveCfg = Debug|Any CPU
		{446AC080-ABAF-43DE-B83A-778757D1FC09}.All|x86.Build.0 = Debug|Any CPU
		{446AC080-ABAF-43DE-B83A-778757D1FC09}.CIBuild|Any CPU.ActiveCfg = Release|Any CPU
		{446AC080-ABAF-43DE-B83A-778757D1FC09}.CIBuild|Any CPU.Build.0 = Release|Any CPU
		{446AC080-ABAF-43DE-B83A-778757D1FC09}.CIBuild|ARM.ActiveCfg = Release|Any CPU
		{446AC080-ABAF-43DE-B83A-778757D1FC09}.CIBuild|ARM.Build.0 = Release|Any CPU
		{446AC080-ABAF-43DE-B83A-778757D1FC09}.CIBuild|ARM64.ActiveCfg = Release|Any CPU
		{446AC080-ABAF-43DE-B83A-778757D1FC09}.CIBuild|ARM64.Build.0 = Release|Any CPU
		{446AC080-ABAF-43DE-B83A-778757D1FC09}.CIBuild|x64.ActiveCfg = Release|Any CPU
		{446AC080-ABAF-43DE-B83A-778757D1FC09}.CIBuild|x64.Build.0 = Release|Any CPU
		{446AC080-ABAF-43DE-B83A-778757D1FC09}.CIBuild|x86.ActiveCfg = Release|Any CPU
		{446AC080-ABAF-43DE-B83A-778757D1FC09}.CIBuild|x86.Build.0 = Release|Any CPU
		{446AC080-ABAF-43DE-B83A-778757D1FC09}.Debug|Any CPU.ActiveCfg = Debug|Any CPU
		{446AC080-ABAF-43DE-B83A-778757D1FC09}.Debug|Any CPU.Build.0 = Debug|Any CPU
		{446AC080-ABAF-43DE-B83A-778757D1FC09}.Debug|ARM.ActiveCfg = Debug|Any CPU
		{446AC080-ABAF-43DE-B83A-778757D1FC09}.Debug|ARM.Build.0 = Debug|Any CPU
		{446AC080-ABAF-43DE-B83A-778757D1FC09}.Debug|ARM64.ActiveCfg = Debug|Any CPU
		{446AC080-ABAF-43DE-B83A-778757D1FC09}.Debug|ARM64.Build.0 = Debug|Any CPU
		{446AC080-ABAF-43DE-B83A-778757D1FC09}.Debug|x64.ActiveCfg = Debug|Any CPU
		{446AC080-ABAF-43DE-B83A-778757D1FC09}.Debug|x64.Build.0 = Debug|Any CPU
		{446AC080-ABAF-43DE-B83A-778757D1FC09}.Debug|x86.ActiveCfg = Debug|Any CPU
		{446AC080-ABAF-43DE-B83A-778757D1FC09}.Debug|x86.Build.0 = Debug|Any CPU
		{446AC080-ABAF-43DE-B83A-778757D1FC09}.Release|Any CPU.ActiveCfg = Release|Any CPU
		{446AC080-ABAF-43DE-B83A-778757D1FC09}.Release|Any CPU.Build.0 = Release|Any CPU
		{446AC080-ABAF-43DE-B83A-778757D1FC09}.Release|ARM.ActiveCfg = Release|Any CPU
		{446AC080-ABAF-43DE-B83A-778757D1FC09}.Release|ARM.Build.0 = Release|Any CPU
		{446AC080-ABAF-43DE-B83A-778757D1FC09}.Release|ARM64.ActiveCfg = Release|Any CPU
		{446AC080-ABAF-43DE-B83A-778757D1FC09}.Release|ARM64.Build.0 = Release|Any CPU
		{446AC080-ABAF-43DE-B83A-778757D1FC09}.Release|x64.ActiveCfg = Release|Any CPU
		{446AC080-ABAF-43DE-B83A-778757D1FC09}.Release|x64.Build.0 = Release|Any CPU
		{446AC080-ABAF-43DE-B83A-778757D1FC09}.Release|x86.ActiveCfg = Release|Any CPU
		{446AC080-ABAF-43DE-B83A-778757D1FC09}.Release|x86.Build.0 = Release|Any CPU
		{9AC51493-29C7-4529-92BA-E7B147DCC0FD}.All|Any CPU.ActiveCfg = Debug|Any CPU
		{9AC51493-29C7-4529-92BA-E7B147DCC0FD}.All|Any CPU.Build.0 = Debug|Any CPU
		{9AC51493-29C7-4529-92BA-E7B147DCC0FD}.All|ARM.ActiveCfg = Debug|Any CPU
		{9AC51493-29C7-4529-92BA-E7B147DCC0FD}.All|ARM.Build.0 = Debug|Any CPU
		{9AC51493-29C7-4529-92BA-E7B147DCC0FD}.All|ARM64.ActiveCfg = Debug|Any CPU
		{9AC51493-29C7-4529-92BA-E7B147DCC0FD}.All|ARM64.Build.0 = Debug|Any CPU
		{9AC51493-29C7-4529-92BA-E7B147DCC0FD}.All|x64.ActiveCfg = Debug|Any CPU
		{9AC51493-29C7-4529-92BA-E7B147DCC0FD}.All|x64.Build.0 = Debug|Any CPU
		{9AC51493-29C7-4529-92BA-E7B147DCC0FD}.All|x86.ActiveCfg = Debug|Any CPU
		{9AC51493-29C7-4529-92BA-E7B147DCC0FD}.All|x86.Build.0 = Debug|Any CPU
		{9AC51493-29C7-4529-92BA-E7B147DCC0FD}.CIBuild|Any CPU.ActiveCfg = Release|Any CPU
		{9AC51493-29C7-4529-92BA-E7B147DCC0FD}.CIBuild|Any CPU.Build.0 = Release|Any CPU
		{9AC51493-29C7-4529-92BA-E7B147DCC0FD}.CIBuild|ARM.ActiveCfg = Release|Any CPU
		{9AC51493-29C7-4529-92BA-E7B147DCC0FD}.CIBuild|ARM.Build.0 = Release|Any CPU
		{9AC51493-29C7-4529-92BA-E7B147DCC0FD}.CIBuild|ARM64.ActiveCfg = Release|Any CPU
		{9AC51493-29C7-4529-92BA-E7B147DCC0FD}.CIBuild|ARM64.Build.0 = Release|Any CPU
		{9AC51493-29C7-4529-92BA-E7B147DCC0FD}.CIBuild|x64.ActiveCfg = Release|Any CPU
		{9AC51493-29C7-4529-92BA-E7B147DCC0FD}.CIBuild|x64.Build.0 = Release|Any CPU
		{9AC51493-29C7-4529-92BA-E7B147DCC0FD}.CIBuild|x86.ActiveCfg = Release|Any CPU
		{9AC51493-29C7-4529-92BA-E7B147DCC0FD}.CIBuild|x86.Build.0 = Release|Any CPU
		{9AC51493-29C7-4529-92BA-E7B147DCC0FD}.Debug|Any CPU.ActiveCfg = Debug|Any CPU
		{9AC51493-29C7-4529-92BA-E7B147DCC0FD}.Debug|Any CPU.Build.0 = Debug|Any CPU
		{9AC51493-29C7-4529-92BA-E7B147DCC0FD}.Debug|ARM.ActiveCfg = Debug|Any CPU
		{9AC51493-29C7-4529-92BA-E7B147DCC0FD}.Debug|ARM.Build.0 = Debug|Any CPU
		{9AC51493-29C7-4529-92BA-E7B147DCC0FD}.Debug|ARM64.ActiveCfg = Debug|Any CPU
		{9AC51493-29C7-4529-92BA-E7B147DCC0FD}.Debug|ARM64.Build.0 = Debug|Any CPU
		{9AC51493-29C7-4529-92BA-E7B147DCC0FD}.Debug|x64.ActiveCfg = Debug|Any CPU
		{9AC51493-29C7-4529-92BA-E7B147DCC0FD}.Debug|x64.Build.0 = Debug|Any CPU
		{9AC51493-29C7-4529-92BA-E7B147DCC0FD}.Debug|x86.ActiveCfg = Debug|Any CPU
		{9AC51493-29C7-4529-92BA-E7B147DCC0FD}.Debug|x86.Build.0 = Debug|Any CPU
		{9AC51493-29C7-4529-92BA-E7B147DCC0FD}.Release|Any CPU.ActiveCfg = Release|Any CPU
		{9AC51493-29C7-4529-92BA-E7B147DCC0FD}.Release|Any CPU.Build.0 = Release|Any CPU
		{9AC51493-29C7-4529-92BA-E7B147DCC0FD}.Release|ARM.ActiveCfg = Release|Any CPU
		{9AC51493-29C7-4529-92BA-E7B147DCC0FD}.Release|ARM.Build.0 = Release|Any CPU
		{9AC51493-29C7-4529-92BA-E7B147DCC0FD}.Release|ARM64.ActiveCfg = Release|Any CPU
		{9AC51493-29C7-4529-92BA-E7B147DCC0FD}.Release|ARM64.Build.0 = Release|Any CPU
		{9AC51493-29C7-4529-92BA-E7B147DCC0FD}.Release|x64.ActiveCfg = Release|Any CPU
		{9AC51493-29C7-4529-92BA-E7B147DCC0FD}.Release|x64.Build.0 = Release|Any CPU
		{9AC51493-29C7-4529-92BA-E7B147DCC0FD}.Release|x86.ActiveCfg = Release|Any CPU
		{9AC51493-29C7-4529-92BA-E7B147DCC0FD}.Release|x86.Build.0 = Release|Any CPU
		{09CB8A47-006C-4374-A248-9D28C9819343}.All|Any CPU.ActiveCfg = Debug|Any CPU
		{09CB8A47-006C-4374-A248-9D28C9819343}.All|Any CPU.Build.0 = Debug|Any CPU
		{09CB8A47-006C-4374-A248-9D28C9819343}.All|ARM.ActiveCfg = Debug|Any CPU
		{09CB8A47-006C-4374-A248-9D28C9819343}.All|ARM.Build.0 = Debug|Any CPU
		{09CB8A47-006C-4374-A248-9D28C9819343}.All|ARM64.ActiveCfg = Debug|Any CPU
		{09CB8A47-006C-4374-A248-9D28C9819343}.All|ARM64.Build.0 = Debug|Any CPU
		{09CB8A47-006C-4374-A248-9D28C9819343}.All|x64.ActiveCfg = Debug|Any CPU
		{09CB8A47-006C-4374-A248-9D28C9819343}.All|x64.Build.0 = Debug|Any CPU
		{09CB8A47-006C-4374-A248-9D28C9819343}.All|x86.ActiveCfg = Debug|Any CPU
		{09CB8A47-006C-4374-A248-9D28C9819343}.All|x86.Build.0 = Debug|Any CPU
		{09CB8A47-006C-4374-A248-9D28C9819343}.CIBuild|Any CPU.ActiveCfg = Debug|Any CPU
		{09CB8A47-006C-4374-A248-9D28C9819343}.CIBuild|Any CPU.Build.0 = Debug|Any CPU
		{09CB8A47-006C-4374-A248-9D28C9819343}.CIBuild|ARM.ActiveCfg = Debug|Any CPU
		{09CB8A47-006C-4374-A248-9D28C9819343}.CIBuild|ARM.Build.0 = Debug|Any CPU
		{09CB8A47-006C-4374-A248-9D28C9819343}.CIBuild|ARM64.ActiveCfg = Debug|Any CPU
		{09CB8A47-006C-4374-A248-9D28C9819343}.CIBuild|ARM64.Build.0 = Debug|Any CPU
		{09CB8A47-006C-4374-A248-9D28C9819343}.CIBuild|x64.ActiveCfg = Debug|Any CPU
		{09CB8A47-006C-4374-A248-9D28C9819343}.CIBuild|x64.Build.0 = Debug|Any CPU
		{09CB8A47-006C-4374-A248-9D28C9819343}.CIBuild|x86.ActiveCfg = Debug|Any CPU
		{09CB8A47-006C-4374-A248-9D28C9819343}.CIBuild|x86.Build.0 = Debug|Any CPU
		{09CB8A47-006C-4374-A248-9D28C9819343}.Debug|Any CPU.ActiveCfg = Debug|Any CPU
		{09CB8A47-006C-4374-A248-9D28C9819343}.Debug|Any CPU.Build.0 = Debug|Any CPU
		{09CB8A47-006C-4374-A248-9D28C9819343}.Debug|ARM.ActiveCfg = Debug|Any CPU
		{09CB8A47-006C-4374-A248-9D28C9819343}.Debug|ARM.Build.0 = Debug|Any CPU
		{09CB8A47-006C-4374-A248-9D28C9819343}.Debug|ARM64.ActiveCfg = Debug|Any CPU
		{09CB8A47-006C-4374-A248-9D28C9819343}.Debug|ARM64.Build.0 = Debug|Any CPU
		{09CB8A47-006C-4374-A248-9D28C9819343}.Debug|x64.ActiveCfg = Debug|Any CPU
		{09CB8A47-006C-4374-A248-9D28C9819343}.Debug|x64.Build.0 = Debug|Any CPU
		{09CB8A47-006C-4374-A248-9D28C9819343}.Debug|x86.ActiveCfg = Debug|Any CPU
		{09CB8A47-006C-4374-A248-9D28C9819343}.Debug|x86.Build.0 = Debug|Any CPU
		{09CB8A47-006C-4374-A248-9D28C9819343}.Release|Any CPU.ActiveCfg = Release|Any CPU
		{09CB8A47-006C-4374-A248-9D28C9819343}.Release|Any CPU.Build.0 = Release|Any CPU
		{09CB8A47-006C-4374-A248-9D28C9819343}.Release|ARM.ActiveCfg = Release|Any CPU
		{09CB8A47-006C-4374-A248-9D28C9819343}.Release|ARM.Build.0 = Release|Any CPU
		{09CB8A47-006C-4374-A248-9D28C9819343}.Release|ARM64.ActiveCfg = Release|Any CPU
		{09CB8A47-006C-4374-A248-9D28C9819343}.Release|ARM64.Build.0 = Release|Any CPU
		{09CB8A47-006C-4374-A248-9D28C9819343}.Release|x64.ActiveCfg = Release|Any CPU
		{09CB8A47-006C-4374-A248-9D28C9819343}.Release|x64.Build.0 = Release|Any CPU
		{09CB8A47-006C-4374-A248-9D28C9819343}.Release|x86.ActiveCfg = Release|Any CPU
		{09CB8A47-006C-4374-A248-9D28C9819343}.Release|x86.Build.0 = Release|Any CPU
		{9ABB9997-1A91-4601-8C11-0F45404D1443}.All|Any CPU.ActiveCfg = Release|Any CPU
		{9ABB9997-1A91-4601-8C11-0F45404D1443}.All|Any CPU.Build.0 = Release|Any CPU
		{9ABB9997-1A91-4601-8C11-0F45404D1443}.All|ARM.ActiveCfg = Release|Any CPU
		{9ABB9997-1A91-4601-8C11-0F45404D1443}.All|ARM.Build.0 = Release|Any CPU
		{9ABB9997-1A91-4601-8C11-0F45404D1443}.All|ARM64.ActiveCfg = Release|Any CPU
		{9ABB9997-1A91-4601-8C11-0F45404D1443}.All|ARM64.Build.0 = Release|Any CPU
		{9ABB9997-1A91-4601-8C11-0F45404D1443}.All|x64.ActiveCfg = Release|Any CPU
		{9ABB9997-1A91-4601-8C11-0F45404D1443}.All|x64.Build.0 = Release|Any CPU
		{9ABB9997-1A91-4601-8C11-0F45404D1443}.All|x86.ActiveCfg = Release|Any CPU
		{9ABB9997-1A91-4601-8C11-0F45404D1443}.All|x86.Build.0 = Release|Any CPU
		{9ABB9997-1A91-4601-8C11-0F45404D1443}.CIBuild|Any CPU.ActiveCfg = Release|Any CPU
		{9ABB9997-1A91-4601-8C11-0F45404D1443}.CIBuild|Any CPU.Build.0 = Release|Any CPU
		{9ABB9997-1A91-4601-8C11-0F45404D1443}.CIBuild|ARM.ActiveCfg = Release|Any CPU
		{9ABB9997-1A91-4601-8C11-0F45404D1443}.CIBuild|ARM.Build.0 = Release|Any CPU
		{9ABB9997-1A91-4601-8C11-0F45404D1443}.CIBuild|ARM64.ActiveCfg = Release|Any CPU
		{9ABB9997-1A91-4601-8C11-0F45404D1443}.CIBuild|ARM64.Build.0 = Release|Any CPU
		{9ABB9997-1A91-4601-8C11-0F45404D1443}.CIBuild|x64.ActiveCfg = Release|Any CPU
		{9ABB9997-1A91-4601-8C11-0F45404D1443}.CIBuild|x64.Build.0 = Release|Any CPU
		{9ABB9997-1A91-4601-8C11-0F45404D1443}.CIBuild|x86.ActiveCfg = Release|Any CPU
		{9ABB9997-1A91-4601-8C11-0F45404D1443}.CIBuild|x86.Build.0 = Release|Any CPU
		{9ABB9997-1A91-4601-8C11-0F45404D1443}.Debug|Any CPU.ActiveCfg = Debug|Any CPU
		{9ABB9997-1A91-4601-8C11-0F45404D1443}.Debug|Any CPU.Build.0 = Debug|Any CPU
		{9ABB9997-1A91-4601-8C11-0F45404D1443}.Debug|ARM.ActiveCfg = Debug|Any CPU
		{9ABB9997-1A91-4601-8C11-0F45404D1443}.Debug|ARM.Build.0 = Debug|Any CPU
		{9ABB9997-1A91-4601-8C11-0F45404D1443}.Debug|ARM64.ActiveCfg = Debug|Any CPU
		{9ABB9997-1A91-4601-8C11-0F45404D1443}.Debug|ARM64.Build.0 = Debug|Any CPU
		{9ABB9997-1A91-4601-8C11-0F45404D1443}.Debug|x64.ActiveCfg = Debug|Any CPU
		{9ABB9997-1A91-4601-8C11-0F45404D1443}.Debug|x64.Build.0 = Debug|Any CPU
		{9ABB9997-1A91-4601-8C11-0F45404D1443}.Debug|x86.ActiveCfg = Debug|Any CPU
		{9ABB9997-1A91-4601-8C11-0F45404D1443}.Debug|x86.Build.0 = Debug|Any CPU
		{9ABB9997-1A91-4601-8C11-0F45404D1443}.Release|Any CPU.ActiveCfg = Release|Any CPU
		{9ABB9997-1A91-4601-8C11-0F45404D1443}.Release|Any CPU.Build.0 = Release|Any CPU
		{9ABB9997-1A91-4601-8C11-0F45404D1443}.Release|ARM.ActiveCfg = Release|Any CPU
		{9ABB9997-1A91-4601-8C11-0F45404D1443}.Release|ARM.Build.0 = Release|Any CPU
		{9ABB9997-1A91-4601-8C11-0F45404D1443}.Release|ARM64.ActiveCfg = Release|Any CPU
		{9ABB9997-1A91-4601-8C11-0F45404D1443}.Release|ARM64.Build.0 = Release|Any CPU
		{9ABB9997-1A91-4601-8C11-0F45404D1443}.Release|x64.ActiveCfg = Release|Any CPU
		{9ABB9997-1A91-4601-8C11-0F45404D1443}.Release|x64.Build.0 = Release|Any CPU
		{9ABB9997-1A91-4601-8C11-0F45404D1443}.Release|x86.ActiveCfg = Release|Any CPU
		{9ABB9997-1A91-4601-8C11-0F45404D1443}.Release|x86.Build.0 = Release|Any CPU
		{19A30AEA-67FB-4DF1-B61A-158889CD49B7}.All|Any CPU.ActiveCfg = CIBuild|Any CPU
		{19A30AEA-67FB-4DF1-B61A-158889CD49B7}.All|Any CPU.Build.0 = CIBuild|Any CPU
		{19A30AEA-67FB-4DF1-B61A-158889CD49B7}.All|ARM.ActiveCfg = CIBuild|Any CPU
		{19A30AEA-67FB-4DF1-B61A-158889CD49B7}.All|ARM.Build.0 = CIBuild|Any CPU
		{19A30AEA-67FB-4DF1-B61A-158889CD49B7}.All|ARM64.ActiveCfg = CIBuild|Any CPU
		{19A30AEA-67FB-4DF1-B61A-158889CD49B7}.All|ARM64.Build.0 = CIBuild|Any CPU
		{19A30AEA-67FB-4DF1-B61A-158889CD49B7}.All|x64.ActiveCfg = CIBuild|x64
		{19A30AEA-67FB-4DF1-B61A-158889CD49B7}.All|x64.Build.0 = CIBuild|x64
		{19A30AEA-67FB-4DF1-B61A-158889CD49B7}.All|x86.ActiveCfg = CIBuild|x86
		{19A30AEA-67FB-4DF1-B61A-158889CD49B7}.All|x86.Build.0 = CIBuild|x86
		{19A30AEA-67FB-4DF1-B61A-158889CD49B7}.CIBuild|Any CPU.ActiveCfg = CIBuild|Any CPU
		{19A30AEA-67FB-4DF1-B61A-158889CD49B7}.CIBuild|Any CPU.Build.0 = CIBuild|Any CPU
		{19A30AEA-67FB-4DF1-B61A-158889CD49B7}.CIBuild|ARM.ActiveCfg = CIBuild|Any CPU
		{19A30AEA-67FB-4DF1-B61A-158889CD49B7}.CIBuild|ARM.Build.0 = CIBuild|Any CPU
		{19A30AEA-67FB-4DF1-B61A-158889CD49B7}.CIBuild|ARM64.ActiveCfg = CIBuild|Any CPU
		{19A30AEA-67FB-4DF1-B61A-158889CD49B7}.CIBuild|ARM64.Build.0 = CIBuild|Any CPU
		{19A30AEA-67FB-4DF1-B61A-158889CD49B7}.CIBuild|x64.ActiveCfg = CIBuild|x64
		{19A30AEA-67FB-4DF1-B61A-158889CD49B7}.CIBuild|x64.Build.0 = CIBuild|x64
		{19A30AEA-67FB-4DF1-B61A-158889CD49B7}.CIBuild|x86.ActiveCfg = CIBuild|x86
		{19A30AEA-67FB-4DF1-B61A-158889CD49B7}.CIBuild|x86.Build.0 = CIBuild|x86
		{19A30AEA-67FB-4DF1-B61A-158889CD49B7}.Debug|Any CPU.ActiveCfg = Debug|Any CPU
		{19A30AEA-67FB-4DF1-B61A-158889CD49B7}.Debug|Any CPU.Build.0 = Debug|Any CPU
		{19A30AEA-67FB-4DF1-B61A-158889CD49B7}.Debug|ARM.ActiveCfg = Debug|Any CPU
		{19A30AEA-67FB-4DF1-B61A-158889CD49B7}.Debug|ARM.Build.0 = Debug|Any CPU
		{19A30AEA-67FB-4DF1-B61A-158889CD49B7}.Debug|ARM64.ActiveCfg = Debug|Any CPU
		{19A30AEA-67FB-4DF1-B61A-158889CD49B7}.Debug|ARM64.Build.0 = Debug|Any CPU
		{19A30AEA-67FB-4DF1-B61A-158889CD49B7}.Debug|x64.ActiveCfg = Debug|x64
		{19A30AEA-67FB-4DF1-B61A-158889CD49B7}.Debug|x64.Build.0 = Debug|x64
		{19A30AEA-67FB-4DF1-B61A-158889CD49B7}.Debug|x86.ActiveCfg = Debug|x86
		{19A30AEA-67FB-4DF1-B61A-158889CD49B7}.Debug|x86.Build.0 = Debug|x86
		{19A30AEA-67FB-4DF1-B61A-158889CD49B7}.Release|Any CPU.ActiveCfg = Release|Any CPU
		{19A30AEA-67FB-4DF1-B61A-158889CD49B7}.Release|Any CPU.Build.0 = Release|Any CPU
		{19A30AEA-67FB-4DF1-B61A-158889CD49B7}.Release|ARM.ActiveCfg = Release|Any CPU
		{19A30AEA-67FB-4DF1-B61A-158889CD49B7}.Release|ARM.Build.0 = Release|Any CPU
		{19A30AEA-67FB-4DF1-B61A-158889CD49B7}.Release|ARM64.ActiveCfg = Release|Any CPU
		{19A30AEA-67FB-4DF1-B61A-158889CD49B7}.Release|ARM64.Build.0 = Release|Any CPU
		{19A30AEA-67FB-4DF1-B61A-158889CD49B7}.Release|x64.ActiveCfg = Release|x64
		{19A30AEA-67FB-4DF1-B61A-158889CD49B7}.Release|x64.Build.0 = Release|x64
		{19A30AEA-67FB-4DF1-B61A-158889CD49B7}.Release|x86.ActiveCfg = Release|x86
		{19A30AEA-67FB-4DF1-B61A-158889CD49B7}.Release|x86.Build.0 = Release|x86
	EndGlobalSection
	GlobalSection(SolutionProperties) = preSolution
		HideSolutionNode = FALSE
	EndGlobalSection
	GlobalSection(ExtensibilityGlobals) = postSolution
		SolutionGuid = {835110C4-B176-43B8-A2DA-15CED64C7F48}
	EndGlobalSection
EndGlobal
